
Microsoft Visual Studio Solution File, Format Version 12.00
# Visual Studio Version 17
VisualStudioVersion = 17.10.34928.147
MinimumVisualStudioVersion = 10.0.40219.1
Project("{9A19103F-16F7-4668-BE54-9A1E7A4F7556}") = "StackClassHomework", "StackClassHomework\StackClassHomework.csproj", "{B1146992-3375-46EA-9844-71FDCF67B8CC}"
EndProject
Project("{2150E333-8FDC-42A3-9474-1A3956D46DE8}") = "Solution Items", "Solution Items", "{AD028702-D9B1-4009-828B-28051C2A6B1A}"
	ProjectSection(SolutionItems) = preProject
		.gitignore = .gitignore
	EndProjectSection
EndProject
Project("{9A19103F-16F7-4668-BE54-9A1E7A4F7556}") = "AnonymousTypesHomework", "AnonymousTypesHomework\AnonymousTypesHomework.csproj", "{5DEE578D-9C56-413F-883F-7012C3EFF6F7}"
EndProject
Project("{9A19103F-16F7-4668-BE54-9A1E7A4F7556}") = "ExceptionsHomework", "ExceptionsHomework\ExceptionsHomework.csproj", "{20129086-12A4-4ACE-B201-C0099686ECBD}"
EndProject
Project("{9A19103F-16F7-4668-BE54-9A1E7A4F7556}") = "RecursionAndLoopsHomework", "RecursionAndLoopsHomework\RecursionAndLoopsHomework.csproj", "{3B4FAF77-EB49-43FE-94E1-364647E58E17}"
EndProject
Project("{FAE04EC0-301F-11D3-BF4B-00C04F79EFBC}") = "EventsHomework", "EventsHomework\EventsHomework.csproj", "{E9EC780C-7673-460F-9634-162F75A14B02}"
EndProject
Global
	GlobalSection(SolutionConfigurationPlatforms) = preSolution
		Debug|Any CPU = Debug|Any CPU
		Release|Any CPU = Release|Any CPU
	EndGlobalSection
	GlobalSection(ProjectConfigurationPlatforms) = postSolution
		{B1146992-3375-46EA-9844-71FDCF67B8CC}.Debug|Any CPU.ActiveCfg = Debug|Any CPU
		{B1146992-3375-46EA-9844-71FDCF67B8CC}.Debug|Any CPU.Build.0 = Debug|Any CPU
		{B1146992-3375-46EA-9844-71FDCF67B8CC}.Release|Any CPU.ActiveCfg = Release|Any CPU
		{B1146992-3375-46EA-9844-71FDCF67B8CC}.Release|Any CPU.Build.0 = Release|Any CPU
		{5DEE578D-9C56-413F-883F-7012C3EFF6F7}.Debug|Any CPU.ActiveCfg = Debug|Any CPU
		{5DEE578D-9C56-413F-883F-7012C3EFF6F7}.Debug|Any CPU.Build.0 = Debug|Any CPU
		{5DEE578D-9C56-413F-883F-7012C3EFF6F7}.Release|Any CPU.ActiveCfg = Release|Any CPU
		{5DEE578D-9C56-413F-883F-7012C3EFF6F7}.Release|Any CPU.Build.0 = Release|Any CPU
		{20129086-12A4-4ACE-B201-C0099686ECBD}.Debug|Any CPU.ActiveCfg = Debug|Any CPU
		{20129086-12A4-4ACE-B201-C0099686ECBD}.Debug|Any CPU.Build.0 = Debug|Any CPU
		{20129086-12A4-4ACE-B201-C0099686ECBD}.Release|Any CPU.ActiveCfg = Release|Any CPU
		{20129086-12A4-4ACE-B201-C0099686ECBD}.Release|Any CPU.Build.0 = Release|Any CPU
		{3B4FAF77-EB49-43FE-94E1-364647E58E17}.Debug|Any CPU.ActiveCfg = Debug|Any CPU
		{3B4FAF77-EB49-43FE-94E1-364647E58E17}.Debug|Any CPU.Build.0 = Debug|Any CPU
		{3B4FAF77-EB49-43FE-94E1-364647E58E17}.Release|Any CPU.ActiveCfg = Release|Any CPU
		{3B4FAF77-EB49-43FE-94E1-364647E58E17}.Release|Any CPU.Build.0 = Release|Any CPU
		{E9EC780C-7673-460F-9634-162F75A14B02}.Debug|Any CPU.ActiveCfg = Debug|Any CPU
		{E9EC780C-7673-460F-9634-162F75A14B02}.Debug|Any CPU.Build.0 = Debug|Any CPU
		{E9EC780C-7673-460F-9634-162F75A14B02}.Release|Any CPU.ActiveCfg = Release|Any CPU
		{E9EC780C-7673-460F-9634-162F75A14B02}.Release|Any CPU.Build.0 = Release|Any CPU
	EndGlobalSection
	GlobalSection(SolutionProperties) = preSolution
		HideSolutionNode = FALSE
	EndGlobalSection
	GlobalSection(ExtensibilityGlobals) = postSolution
		SolutionGuid = {E490E126-5961-4B29-8834-2909A929EBB6}
	EndGlobalSection
EndGlobal
